
Microsoft Visual Studio Solution File, Format Version 12.00
# Visual Studio Version 17
VisualStudioVersion = 17.2.32505.173
MinimumVisualStudioVersion = 10.0.40219.1
Project("{FAE04EC0-301F-11D3-BF4B-00C04F79EFBC}") = "3-CriandoVariaveisPontoFlutuante", "3-CriandoVariaveisPontoFlutuante\3-CriandoVariaveisPontoFlutuante.csproj", "{74CA98C3-3989-4146-AA5E-E4C512C20F17}"
EndProject
Global
	GlobalSection(SolutionConfigurationPlatforms) = preSolution
		Debug|Any CPU = Debug|Any CPU
		Release|Any CPU = Release|Any CPU
	EndGlobalSection
	GlobalSection(ProjectConfigurationPlatforms) = postSolution
		{74CA98C3-3989-4146-AA5E-E4C512C20F17}.Debug|Any CPU.ActiveCfg = Debug|Any CPU
		{74CA98C3-3989-4146-AA5E-E4C512C20F17}.Debug|Any CPU.Build.0 = Debug|Any CPU
		{74CA98C3-3989-4146-AA5E-E4C512C20F17}.Release|Any CPU.ActiveCfg = Release|Any CPU
		{74CA98C3-3989-4146-AA5E-E4C512C20F17}.Release|Any CPU.Build.0 = Release|Any CPU
	EndGlobalSection
	GlobalSection(SolutionProperties) = preSolution
		HideSolutionNode = FALSE
	EndGlobalSection
	GlobalSection(ExtensibilityGlobals) = postSolution
		SolutionGuid = {76FDAAA3-3AF6-4C18-B464-525F1BA621C5}
	EndGlobalSection
EndGlobal
