
Microsoft Visual Studio Solution File, Format Version 12.00
# Visual Studio Version 17
VisualStudioVersion = 17.2.32505.173
MinimumVisualStudioVersion = 10.0.40219.1
Project("{FAE04EC0-301F-11D3-BF4B-00C04F79EFBC}") = "4-ConversoesEOutrosTipos", "4-ConversoesEOutrosTipos\4-ConversoesEOutrosTipos.csproj", "{F3F4C83E-81A4-401B-85F3-FECF3DB8B53E}"
EndProject
Global
	GlobalSection(SolutionConfigurationPlatforms) = preSolution
		Debug|Any CPU = Debug|Any CPU
		Release|Any CPU = Release|Any CPU
	EndGlobalSection
	GlobalSection(ProjectConfigurationPlatforms) = postSolution
		{F3F4C83E-81A4-401B-85F3-FECF3DB8B53E}.Debug|Any CPU.ActiveCfg = Debug|Any CPU
		{F3F4C83E-81A4-401B-85F3-FECF3DB8B53E}.Debug|Any CPU.Build.0 = Debug|Any CPU
		{F3F4C83E-81A4-401B-85F3-FECF3DB8B53E}.Release|Any CPU.ActiveCfg = Release|Any CPU
		{F3F4C83E-81A4-401B-85F3-FECF3DB8B53E}.Release|Any CPU.Build.0 = Release|Any CPU
	EndGlobalSection
	GlobalSection(SolutionProperties) = preSolution
		HideSolutionNode = FALSE
	EndGlobalSection
	GlobalSection(ExtensibilityGlobals) = postSolution
		SolutionGuid = {E2E107B2-FAB5-435E-A4D2-8D25A7CE55AC}
	EndGlobalSection
EndGlobal
